// !$*UTF8*$!
{
	archiveVersion = 1;
	classes = {
	};
	objectVersion = 50;
	objects = {

/* Begin PBXBuildFile section */
		8D7F5514241670890076A87B /* AppDelegate.swift in Sources */ = {isa = PBXBuildFile; fileRef = 8D7F5513241670890076A87B /* AppDelegate.swift */; };
		8D7F5516241670890076A87B /* SceneDelegate.swift in Sources */ = {isa = PBXBuildFile; fileRef = 8D7F5515241670890076A87B /* SceneDelegate.swift */; };
		8D7F5518241670890076A87B /* ViewController.swift in Sources */ = {isa = PBXBuildFile; fileRef = 8D7F5517241670890076A87B /* ViewController.swift */; };
		8D7F551B241670890076A87B /* Main.storyboard in Resources */ = {isa = PBXBuildFile; fileRef = 8D7F5519241670890076A87B /* Main.storyboard */; };
		8D7F551D2416708E0076A87B /* Assets.xcassets in Resources */ = {isa = PBXBuildFile; fileRef = 8D7F551C2416708E0076A87B /* Assets.xcassets */; };
		8D7F55202416708E0076A87B /* LaunchScreen.storyboard in Resources */ = {isa = PBXBuildFile; fileRef = 8D7F551E2416708E0076A87B /* LaunchScreen.storyboard */; };
		8D7F552B2416708E0076A87B /* nhlAppTests.swift in Sources */ = {isa = PBXBuildFile; fileRef = 8D7F552A2416708E0076A87B /* nhlAppTests.swift */; };
		8D7F55362416708E0076A87B /* nhlAppUITests.swift in Sources */ = {isa = PBXBuildFile; fileRef = 8D7F55352416708E0076A87B /* nhlAppUITests.swift */; };
/* End PBXBuildFile section */

/* Begin PBXContainerItemProxy section */
		8D7F55272416708E0076A87B /* PBXContainerItemProxy */ = {
			isa = PBXContainerItemProxy;
			containerPortal = 8D7F5508241670890076A87B /* Project object */;
			proxyType = 1;
			remoteGlobalIDString = 8D7F550F241670890076A87B;
			remoteInfo = nhlApp;
		};
		8D7F55322416708E0076A87B /* PBXContainerItemProxy */ = {
			isa = PBXContainerItemProxy;
			containerPortal = 8D7F5508241670890076A87B /* Project object */;
			proxyType = 1;
			remoteGlobalIDString = 8D7F550F241670890076A87B;
			remoteInfo = nhlApp;
		};
/* End PBXContainerItemProxy section */

/* Begin PBXFileReference section */
		8D7F5510241670890076A87B /* nhlApp.app */ = {isa = PBXFileReference; explicitFileType = wrapper.application; includeInIndex = 0; path = nhlApp.app; sourceTree = BUILT_PRODUCTS_DIR; };
		8D7F5513241670890076A87B /* AppDelegate.swift */ = {isa = PBXFileReference; lastKnownFileType = sourcecode.swift; path = AppDelegate.swift; sourceTree = "<group>"; };
		8D7F5515241670890076A87B /* SceneDelegate.swift */ = {isa = PBXFileReference; lastKnownFileType = sourcecode.swift; path = SceneDelegate.swift; sourceTree = "<group>"; };
		8D7F5517241670890076A87B /* ViewController.swift */ = {isa = PBXFileReference; lastKnownFileType = sourcecode.swift; path = ViewController.swift; sourceTree = "<group>"; };
		8D7F551A241670890076A87B /* Base */ = {isa = PBXFileReference; lastKnownFileType = file.storyboard; name = Base; path = Base.lproj/Main.storyboard; sourceTree = "<group>"; };
		8D7F551C2416708E0076A87B /* Assets.xcassets */ = {isa = PBXFileReference; lastKnownFileType = folder.assetcatalog; path = Assets.xcassets; sourceTree = "<group>"; };
		8D7F551F2416708E0076A87B /* Base */ = {isa = PBXFileReference; lastKnownFileType = file.storyboard; name = Base; path = Base.lproj/LaunchScreen.storyboard; sourceTree = "<group>"; };
		8D7F55212416708E0076A87B /* Info.plist */ = {isa = PBXFileReference; lastKnownFileType = text.plist.xml; path = Info.plist; sourceTree = "<group>"; };
		8D7F55262416708E0076A87B /* nhlAppTests.xctest */ = {isa = PBXFileReference; explicitFileType = wrapper.cfbundle; includeInIndex = 0; path = nhlAppTests.xctest; sourceTree = BUILT_PRODUCTS_DIR; };
		8D7F552A2416708E0076A87B /* nhlAppTests.swift */ = {isa = PBXFileReference; lastKnownFileType = sourcecode.swift; path = nhlAppTests.swift; sourceTree = "<group>"; };
		8D7F552C2416708E0076A87B /* Info.plist */ = {isa = PBXFileReference; lastKnownFileType = text.plist.xml; path = Info.plist; sourceTree = "<group>"; };
		8D7F55312416708E0076A87B /* nhlAppUITests.xctest */ = {isa = PBXFileReference; explicitFileType = wrapper.cfbundle; includeInIndex = 0; path = nhlAppUITests.xctest; sourceTree = BUILT_PRODUCTS_DIR; };
		8D7F55352416708E0076A87B /* nhlAppUITests.swift */ = {isa = PBXFileReference; lastKnownFileType = sourcecode.swift; path = nhlAppUITests.swift; sourceTree = "<group>"; };
		8D7F55372416708E0076A87B /* Info.plist */ = {isa = PBXFileReference; lastKnownFileType = text.plist.xml; path = Info.plist; sourceTree = "<group>"; };
/* End PBXFileReference section */

/* Begin PBXFrameworksBuildPhase section */
		8D7F550D241670890076A87B /* Frameworks */ = {
			isa = PBXFrameworksBuildPhase;
			buildActionMask = 2147483647;
			files = (
			);
			runOnlyForDeploymentPostprocessing = 0;
		};
		8D7F55232416708E0076A87B /* Frameworks */ = {
			isa = PBXFrameworksBuildPhase;
			buildActionMask = 2147483647;
			files = (
			);
			runOnlyForDeploymentPostprocessing = 0;
		};
		8D7F552E2416708E0076A87B /* Frameworks */ = {
			isa = PBXFrameworksBuildPhase;
			buildActionMask = 2147483647;
			files = (
			);
			runOnlyForDeploymentPostprocessing = 0;
		};
/* End PBXFrameworksBuildPhase section */

/* Begin PBXGroup section */
		8D7F5507241670890076A87B = {
			isa = PBXGroup;
			children = (
				8D7F5512241670890076A87B /* nhlApp */,
				8D7F55292416708E0076A87B /* nhlAppTests */,
				8D7F55342416708E0076A87B /* nhlAppUITests */,
				8D7F5511241670890076A87B /* Products */,
			);
			sourceTree = "<group>";
		};
		8D7F5511241670890076A87B /* Products */ = {
			isa = PBXGroup;
			children = (
				8D7F5510241670890076A87B /* nhlApp.app */,
				8D7F55262416708E0076A87B /* nhlAppTests.xctest */,
				8D7F55312416708E0076A87B /* nhlAppUITests.xctest */,
			);
			name = Products;
			sourceTree = "<group>";
		};
		8D7F5512241670890076A87B /* nhlApp */ = {
			isa = PBXGroup;
			children = (
				8D7F5513241670890076A87B /* AppDelegate.swift */,
				8D7F5515241670890076A87B /* SceneDelegate.swift */,
				8D7F5517241670890076A87B /* ViewController.swift */,
				8D7F5519241670890076A87B /* Main.storyboard */,
				8D7F551C2416708E0076A87B /* Assets.xcassets */,
				8D7F551E2416708E0076A87B /* LaunchScreen.storyboard */,
				8D7F55212416708E0076A87B /* Info.plist */,
			);
			path = nhlApp;
			sourceTree = "<group>";
		};
		8D7F55292416708E0076A87B /* nhlAppTests */ = {
			isa = PBXGroup;
			children = (
				8D7F552A2416708E0076A87B /* nhlAppTests.swift */,
				8D7F552C2416708E0076A87B /* Info.plist */,
			);
			path = nhlAppTests;
			sourceTree = "<group>";
		};
		8D7F55342416708E0076A87B /* nhlAppUITests */ = {
			isa = PBXGroup;
			children = (
				8D7F55352416708E0076A87B /* nhlAppUITests.swift */,
				8D7F55372416708E0076A87B /* Info.plist */,
			);
			path = nhlAppUITests;
			sourceTree = "<group>";
		};
/* End PBXGroup section */

/* Begin PBXNativeTarget section */
		8D7F550F241670890076A87B /* nhlApp */ = {
			isa = PBXNativeTarget;
			buildConfigurationList = 8D7F553A2416708E0076A87B /* Build configuration list for PBXNativeTarget "nhlApp" */;
			buildPhases = (
				8D7F550C241670890076A87B /* Sources */,
				8D7F550D241670890076A87B /* Frameworks */,
				8D7F550E241670890076A87B /* Resources */,
			);
			buildRules = (
			);
			dependencies = (
			);
			name = nhlApp;
			productName = nhlApp;
			productReference = 8D7F5510241670890076A87B /* nhlApp.app */;
			productType = "com.apple.product-type.application";
		};
		8D7F55252416708E0076A87B /* nhlAppTests */ = {
			isa = PBXNativeTarget;
			buildConfigurationList = 8D7F553D2416708E0076A87B /* Build configuration list for PBXNativeTarget "nhlAppTests" */;
			buildPhases = (
				8D7F55222416708E0076A87B /* Sources */,
				8D7F55232416708E0076A87B /* Frameworks */,
				8D7F55242416708E0076A87B /* Resources */,
			);
			buildRules = (
			);
			dependencies = (
				8D7F55282416708E0076A87B /* PBXTargetDependency */,
			);
			name = nhlAppTests;
			productName = nhlAppTests;
			productReference = 8D7F55262416708E0076A87B /* nhlAppTests.xctest */;
			productType = "com.apple.product-type.bundle.unit-test";
		};
		8D7F55302416708E0076A87B /* nhlAppUITests */ = {
			isa = PBXNativeTarget;
			buildConfigurationList = 8D7F55402416708E0076A87B /* Build configuration list for PBXNativeTarget "nhlAppUITests" */;
			buildPhases = (
				8D7F552D2416708E0076A87B /* Sources */,
				8D7F552E2416708E0076A87B /* Frameworks */,
				8D7F552F2416708E0076A87B /* Resources */,
			);
			buildRules = (
			);
			dependencies = (
				8D7F55332416708E0076A87B /* PBXTargetDependency */,
			);
			name = nhlAppUITests;
			productName = nhlAppUITests;
			productReference = 8D7F55312416708E0076A87B /* nhlAppUITests.xctest */;
			productType = "com.apple.product-type.bundle.ui-testing";
		};
/* End PBXNativeTarget section */

/* Begin PBXProject section */
		8D7F5508241670890076A87B /* Project object */ = {
			isa = PBXProject;
			attributes = {
				LastSwiftUpdateCheck = 1140;
				LastUpgradeCheck = 1140;
				ORGANIZATIONNAME = Students2020;
				TargetAttributes = {
					8D7F550F241670890076A87B = {
						CreatedOnToolsVersion = 11.4;
					};
					8D7F55252416708E0076A87B = {
						CreatedOnToolsVersion = 11.4;
						TestTargetID = 8D7F550F241670890076A87B;
					};
					8D7F55302416708E0076A87B = {
						CreatedOnToolsVersion = 11.4;
						TestTargetID = 8D7F550F241670890076A87B;
					};
				};
			};
			buildConfigurationList = 8D7F550B241670890076A87B /* Build configuration list for PBXProject "nhlApp" */;
			compatibilityVersion = "Xcode 9.3";
			developmentRegion = en;
			hasScannedForEncodings = 0;
			knownRegions = (
				en,
				Base,
			);
			mainGroup = 8D7F5507241670890076A87B;
			productRefGroup = 8D7F5511241670890076A87B /* Products */;
			projectDirPath = "";
			projectRoot = "";
			targets = (
				8D7F550F241670890076A87B /* nhlApp */,
				8D7F55252416708E0076A87B /* nhlAppTests */,
				8D7F55302416708E0076A87B /* nhlAppUITests */,
			);
		};
/* End PBXProject section */

/* Begin PBXResourcesBuildPhase section */
		8D7F550E241670890076A87B /* Resources */ = {
			isa = PBXResourcesBuildPhase;
			buildActionMask = 2147483647;
			files = (
				8D7F55202416708E0076A87B /* LaunchScreen.storyboard in Resources */,
				8D7F551D2416708E0076A87B /* Assets.xcassets in Resources */,
				8D7F551B241670890076A87B /* Main.storyboard in Resources */,
			);
			runOnlyForDeploymentPostprocessing = 0;
		};
		8D7F55242416708E0076A87B /* Resources */ = {
			isa = PBXResourcesBuildPhase;
			buildActionMask = 2147483647;
			files = (
			);
			runOnlyForDeploymentPostprocessing = 0;
		};
		8D7F552F2416708E0076A87B /* Resources */ = {
			isa = PBXResourcesBuildPhase;
			buildActionMask = 2147483647;
			files = (
			);
			runOnlyForDeploymentPostprocessing = 0;
		};
/* End PBXResourcesBuildPhase section */

/* Begin PBXSourcesBuildPhase section */
		8D7F550C241670890076A87B /* Sources */ = {
			isa = PBXSourcesBuildPhase;
			buildActionMask = 2147483647;
			files = (
				8D7F5518241670890076A87B /* ViewController.swift in Sources */,
				8D7F5514241670890076A87B /* AppDelegate.swift in Sources */,
				8D7F5516241670890076A87B /* SceneDelegate.swift in Sources */,
			);
			runOnlyForDeploymentPostprocessing = 0;
		};
		8D7F55222416708E0076A87B /* Sources */ = {
			isa = PBXSourcesBuildPhase;
			buildActionMask = 2147483647;
			files = (
				8D7F552B2416708E0076A87B /* nhlAppTests.swift in Sources */,
			);
			runOnlyForDeploymentPostprocessing = 0;
		};
		8D7F552D2416708E0076A87B /* Sources */ = {
			isa = PBXSourcesBuildPhase;
			buildActionMask = 2147483647;
			files = (
				8D7F55362416708E0076A87B /* nhlAppUITests.swift in Sources */,
			);
			runOnlyForDeploymentPostprocessing = 0;
		};
/* End PBXSourcesBuildPhase section */

/* Begin PBXTargetDependency section */
		8D7F55282416708E0076A87B /* PBXTargetDependency */ = {
			isa = PBXTargetDependency;
			target = 8D7F550F241670890076A87B /* nhlApp */;
			targetProxy = 8D7F55272416708E0076A87B /* PBXContainerItemProxy */;
		};
		8D7F55332416708E0076A87B /* PBXTargetDependency */ = {
			isa = PBXTargetDependency;
			target = 8D7F550F241670890076A87B /* nhlApp */;
			targetProxy = 8D7F55322416708E0076A87B /* PBXContainerItemProxy */;
		};
/* End PBXTargetDependency section */

/* Begin PBXVariantGroup section */
		8D7F5519241670890076A87B /* Main.storyboard */ = {
			isa = PBXVariantGroup;
			children = (
				8D7F551A241670890076A87B /* Base */,
			);
			name = Main.storyboard;
			sourceTree = "<group>";
		};
		8D7F551E2416708E0076A87B /* LaunchScreen.storyboard */ = {
			isa = PBXVariantGroup;
			children = (
				8D7F551F2416708E0076A87B /* Base */,
			);
			name = LaunchScreen.storyboard;
			sourceTree = "<group>";
		};
/* End PBXVariantGroup section */

/* Begin XCBuildConfiguration section */
		8D7F55382416708E0076A87B /* Debug */ = {
			isa = XCBuildConfiguration;
			buildSettings = {
				ALWAYS_SEARCH_USER_PATHS = NO;
				CLANG_ANALYZER_NONNULL = YES;
				CLANG_ANALYZER_NUMBER_OBJECT_CONVERSION = YES_AGGRESSIVE;
				CLANG_CXX_LANGUAGE_STANDARD = "gnu++14";
				CLANG_CXX_LIBRARY = "libc++";
				CLANG_ENABLE_MODULES = YES;
				CLANG_ENABLE_OBJC_ARC = YES;
				CLANG_ENABLE_OBJC_WEAK = YES;
				CLANG_WARN_BLOCK_CAPTURE_AUTORELEASING = YES;
				CLANG_WARN_BOOL_CONVERSION = YES;
				CLANG_WARN_COMMA = YES;
				CLANG_WARN_CONSTANT_CONVERSION = YES;
				CLANG_WARN_DEPRECATED_OBJC_IMPLEMENTATIONS = YES;
				CLANG_WARN_DIRECT_OBJC_ISA_USAGE = YES_ERROR;
				CLANG_WARN_DOCUMENTATION_COMMENTS = YES;
				CLANG_WARN_EMPTY_BODY = YES;
				CLANG_WARN_ENUM_CONVERSION = YES;
				CLANG_WARN_INFINITE_RECURSION = YES;
				CLANG_WARN_INT_CONVERSION = YES;
				CLANG_WARN_NON_LITERAL_NULL_CONVERSION = YES;
				CLANG_WARN_OBJC_IMPLICIT_RETAIN_SELF = YES;
				CLANG_WARN_OBJC_LITERAL_CONVERSION = YES;
				CLANG_WARN_OBJC_ROOT_CLASS = YES_ERROR;
				CLANG_WARN_RANGE_LOOP_ANALYSIS = YES;
				CLANG_WARN_STRICT_PROTOTYPES = YES;
				CLANG_WARN_SUSPICIOUS_MOVE = YES;
				CLANG_WARN_UNGUARDED_AVAILABILITY = YES_AGGRESSIVE;
				CLANG_WARN_UNREACHABLE_CODE = YES;
				CLANG_WARN__DUPLICATE_METHOD_MATCH = YES;
				COPY_PHASE_STRIP = NO;
				DEBUG_INFORMATION_FORMAT = dwarf;
				ENABLE_STRICT_OBJC_MSGSEND = YES;
				ENABLE_TESTABILITY = YES;
				GCC_C_LANGUAGE_STANDARD = gnu11;
				GCC_DYNAMIC_NO_PIC = NO;
				GCC_NO_COMMON_BLOCKS = YES;
				GCC_OPTIMIZATION_LEVEL = 0;
				GCC_PREPROCESSOR_DEFINITIONS = (
					"DEBUG=1",
					"$(inherited)",
				);
				GCC_WARN_64_TO_32_BIT_CONVERSION = YES;
				GCC_WARN_ABOUT_RETURN_TYPE = YES_ERROR;
				GCC_WARN_UNDECLARED_SELECTOR = YES;
				GCC_WARN_UNINITIALIZED_AUTOS = YES_AGGRESSIVE;
				GCC_WARN_UNUSED_FUNCTION = YES;
				GCC_WARN_UNUSED_VARIABLE = YES;
				IPHONEOS_DEPLOYMENT_TARGET = 13.4;
				MTL_ENABLE_DEBUG_INFO = INCLUDE_SOURCE;
				MTL_FAST_MATH = YES;
				ONLY_ACTIVE_ARCH = YES;
				SDKROOT = iphoneos;
				SWIFT_ACTIVE_COMPILATION_CONDITIONS = DEBUG;
				SWIFT_OPTIMIZATION_LEVEL = "-Onone";
			};
			name = Debug;
		};
		8D7F55392416708E0076A87B /* Release */ = {
			isa = XCBuildConfiguration;
			buildSettings = {
				ALWAYS_SEARCH_USER_PATHS = NO;
				CLANG_ANALYZER_NONNULL = YES;
				CLANG_ANALYZER_NUMBER_OBJECT_CONVERSION = YES_AGGRESSIVE;
				CLANG_CXX_LANGUAGE_STANDARD = "gnu++14";
				CLANG_CXX_LIBRARY = "libc++";
				CLANG_ENABLE_MODULES = YES;
				CLANG_ENABLE_OBJC_ARC = YES;
				CLANG_ENABLE_OBJC_WEAK = YES;
				CLANG_WARN_BLOCK_CAPTURE_AUTORELEASING = YES;
				CLANG_WARN_BOOL_CONVERSION = YES;
				CLANG_WARN_COMMA = YES;
				CLANG_WARN_CONSTANT_CONVERSION = YES;
				CLANG_WARN_DEPRECATED_OBJC_IMPLEMENTATIONS = YES;
				CLANG_WARN_DIRECT_OBJC_ISA_USAGE = YES_ERROR;
				CLANG_WARN_DOCUMENTATION_COMMENTS = YES;
				CLANG_WARN_EMPTY_BODY = YES;
				CLANG_WARN_ENUM_CONVERSION = YES;
				CLANG_WARN_INFINITE_RECURSION = YES;
				CLANG_WARN_INT_CONVERSION = YES;
				CLANG_WARN_NON_LITERAL_NULL_CONVERSION = YES;
				CLANG_WARN_OBJC_IMPLICIT_RETAIN_SELF = YES;
				CLANG_WARN_OBJC_LITERAL_CONVERSION = YES;
				CLANG_WARN_OBJC_ROOT_CLASS = YES_ERROR;
				CLANG_WARN_RANGE_LOOP_ANALYSIS = YES;
				CLANG_WARN_STRICT_PROTOTYPES = YES;
				CLANG_WARN_SUSPICIOUS_MOVE = YES;
				CLANG_WARN_UNGUARDED_AVAILABILITY = YES_AGGRESSIVE;
				CLANG_WARN_UNREACHABLE_CODE = YES;
				CLANG_WARN__DUPLICATE_METHOD_MATCH = YES;
				COPY_PHASE_STRIP = NO;
				DEBUG_INFORMATION_FORMAT = "dwarf-with-dsym";
				ENABLE_NS_ASSERTIONS = NO;
				ENABLE_STRICT_OBJC_MSGSEND = YES;
				GCC_C_LANGUAGE_STANDARD = gnu11;
				GCC_NO_COMMON_BLOCKS = YES;
				GCC_WARN_64_TO_32_BIT_CONVERSION = YES;
				GCC_WARN_ABOUT_RETURN_TYPE = YES_ERROR;
				GCC_WARN_UNDECLARED_SELECTOR = YES;
				GCC_WARN_UNINITIALIZED_AUTOS = YES_AGGRESSIVE;
				GCC_WARN_UNUSED_FUNCTION = YES;
				GCC_WARN_UNUSED_VARIABLE = YES;
				IPHONEOS_DEPLOYMENT_TARGET = 13.4;
				MTL_ENABLE_DEBUG_INFO = NO;
				MTL_FAST_MATH = YES;
				SDKROOT = iphoneos;
				SWIFT_COMPILATION_MODE = wholemodule;
				SWIFT_OPTIMIZATION_LEVEL = "-O";
				VALIDATE_PRODUCT = YES;
			};
			name = Release;
		};
		8D7F553B2416708E0076A87B /* Debug */ = {
			isa = XCBuildConfiguration;
			buildSettings = {
				ASSETCATALOG_COMPILER_APPICON_NAME = AppIcon;
				CODE_SIGN_STYLE = Automatic;
				INFOPLIST_FILE = nhlApp/Info.plist;
				LD_RUNPATH_SEARCH_PATHS = (
					"$(inherited)",
					"@executable_path/Frameworks",
				);
				PRODUCT_BUNDLE_IDENTIFIER = Greg.nhlApp;
				PRODUCT_NAME = "$(TARGET_NAME)";
				SWIFT_VERSION = 5.0;
				TARGETED_DEVICE_FAMILY = "1,2";
			};
			name = Debug;
		};
		8D7F553C2416708E0076A87B /* Release */ = {
			isa = XCBuildConfiguration;
			buildSettings = {
				ASSETCATALOG_COMPILER_APPICON_NAME = AppIcon;
				CODE_SIGN_STYLE = Automatic;
				INFOPLIST_FILE = nhlApp/Info.plist;
				LD_RUNPATH_SEARCH_PATHS = (
					"$(inherited)",
					"@executable_path/Frameworks",
				);
				PRODUCT_BUNDLE_IDENTIFIER = Greg.nhlApp;
				PRODUCT_NAME = "$(TARGET_NAME)";
				SWIFT_VERSION = 5.0;
				TARGETED_DEVICE_FAMILY = "1,2";
			};
			name = Release;
		};
		8D7F553E2416708E0076A87B /* Debug */ = {
			isa = XCBuildConfiguration;
			buildSettings = {
				ALWAYS_EMBED_SWIFT_STANDARD_LIBRARIES = YES;
				BUNDLE_LOADER = "$(TEST_HOST)";
				CODE_SIGN_STYLE = Automatic;
				INFOPLIST_FILE = nhlAppTests/Info.plist;
				IPHONEOS_DEPLOYMENT_TARGET = 13.4;
				LD_RUNPATH_SEARCH_PATHS = (
					"$(inherited)",
					"@executable_path/Frameworks",
					"@loader_path/Frameworks",
				);
				PRODUCT_BUNDLE_IDENTIFIER = Greg.nhlAppTests;
				PRODUCT_NAME = "$(TARGET_NAME)";
				SWIFT_VERSION = 5.0;
				TARGETED_DEVICE_FAMILY = "1,2";
				TEST_HOST = "$(BUILT_PRODUCTS_DIR)/nhlApp.app/nhlApp";
			};
			name = Debug;
		};
		8D7F553F2416708E0076A87B /* Release */ = {
			isa = XCBuildConfiguration;
			buildSettings = {
				ALWAYS_EMBED_SWIFT_STANDARD_LIBRARIES = YES;
				BUNDLE_LOADER = "$(TEST_HOST)";
				CODE_SIGN_STYLE = Automatic;
				INFOPLIST_FILE = nhlAppTests/Info.plist;
				IPHONEOS_DEPLOYMENT_TARGET = 13.4;
				LD_RUNPATH_SEARCH_PATHS = (
					"$(inherited)",
					"@executable_path/Frameworks",
					"@loader_path/Frameworks",
				);
				PRODUCT_BUNDLE_IDENTIFIER = Greg.nhlAppTests;
				PRODUCT_NAME = "$(TARGET_NAME)";
				SWIFT_VERSION = 5.0;
				TARGETED_DEVICE_FAMILY = "1,2";
				TEST_HOST = "$(BUILT_PRODUCTS_DIR)/nhlApp.app/nhlApp";
			};
			name = Release;
		};
		8D7F55412416708E0076A87B /* Debug */ = {
			isa = XCBuildConfiguration;
			buildSettings = {
				ALWAYS_EMBED_SWIFT_STANDARD_LIBRARIES = YES;
				CODE_SIGN_STYLE = Automatic;
				INFOPLIST_FILE = nhlAppUITests/Info.plist;
				LD_RUNPATH_SEARCH_PATHS = (
					"$(inherited)",
					"@executable_path/Frameworks",
					"@loader_path/Frameworks",
				);
				PRODUCT_BUNDLE_IDENTIFIER = Greg.nhlAppUITests;
				PRODUCT_NAME = "$(TARGET_NAME)";
				SWIFT_VERSION = 5.0;
				TARGETED_DEVICE_FAMILY = "1,2";
				TEST_TARGET_NAME = nhlApp;
			};
			name = Debug;
		};
		8D7F55422416708E0076A87B /* Release */ = {
			isa = XCBuildConfiguration;
			buildSettings = {
				ALWAYS_EMBED_SWIFT_STANDARD_LIBRARIES = YES;
				CODE_SIGN_STYLE = Automatic;
				INFOPLIST_FILE = nhlAppUITests/Info.plist;
				LD_RUNPATH_SEARCH_PATHS = (
					"$(inherited)",
					"@executable_path/Frameworks",
					"@loader_path/Frameworks",
				);
				PRODUCT_BUNDLE_IDENTIFIER = Greg.nhlAppUITests;
				PRODUCT_NAME = "$(TARGET_NAME)";
				SWIFT_VERSION = 5.0;
				TARGETED_DEVICE_FAMILY = "1,2";
				TEST_TARGET_NAME = nhlApp;
			};
			name = Release;
		};
/* End XCBuildConfiguration section */

/* Begin XCConfigurationList section */
		8D7F550B241670890076A87B /* Build configuration list for PBXProject "nhlApp" */ = {
			isa = XCConfigurationList;
			buildConfigurations = (
				8D7F55382416708E0076A87B /* Debug */,
				8D7F55392416708E0076A87B /* Release */,
			);
			defaultConfigurationIsVisible = 0;
			defaultConfigurationName = Release;
		};
		8D7F553A2416708E0076A87B /* Build configuration list for PBXNativeTarget "nhlApp" */ = {
			isa = XCConfigurationList;
			buildConfigurations = (
				8D7F553B2416708E0076A87B /* Debug */,
				8D7F553C2416708E0076A87B /* Release */,
			);
			defaultConfigurationIsVisible = 0;
			defaultConfigurationName = Release;
		};
		8D7F553D2416708E0076A87B /* Build configuration list for PBXNativeTarget "nhlAppTests" */ = {
			isa = XCConfigurationList;
			buildConfigurations = (
				8D7F553E2416708E0076A87B /* Debug */,
				8D7F553F2416708E0076A87B /* Release */,
			);
			defaultConfigurationIsVisible = 0;
			defaultConfigurationName = Release;
		};
		8D7F55402416708E0076A87B /* Build configuration list for PBXNativeTarget "nhlAppUITests" */ = {
			isa = XCConfigurationList;
			buildConfigurations = (
				8D7F55412416708E0076A87B /* Debug */,
				8D7F55422416708E0076A87B /* Release */,
			);
			defaultConfigurationIsVisible = 0;
			defaultConfigurationName = Release;
		};
/* End XCConfigurationList section */
	};
	rootObject = 8D7F5508241670890076A87B /* Project object */;
}
